
Microsoft Visual Studio Solution File, Format Version 12.00
# Visual Studio Version 17
VisualStudioVersion = 17.13.35825.156 d17.13
MinimumVisualStudioVersion = 10.0.40219.1
Project("{FAE04EC0-301F-11D3-BF4B-00C04F79EFBC}") = "Lab_1(1)", "Lab_1(1)\Lab_1(1).csproj", "{823526AD-B930-4276-901C-28E9A20612EA}"
EndProject
Global
	GlobalSection(SolutionConfigurationPlatforms) = preSolution
		Debug|Any CPU = Debug|Any CPU
		Release|Any CPU = Release|Any CPU
	EndGlobalSection
	GlobalSection(ProjectConfigurationPlatforms) = postSolution
		{823526AD-B930-4276-901C-28E9A20612EA}.Debug|Any CPU.ActiveCfg = Debug|Any CPU
		{823526AD-B930-4276-901C-28E9A20612EA}.Debug|Any CPU.Build.0 = Debug|Any CPU
		{823526AD-B930-4276-901C-28E9A20612EA}.Release|Any CPU.ActiveCfg = Release|Any CPU
		{823526AD-B930-4276-901C-28E9A20612EA}.Release|Any CPU.Build.0 = Release|Any CPU
	EndGlobalSection
	GlobalSection(SolutionProperties) = preSolution
		HideSolutionNode = FALSE
	EndGlobalSection
	GlobalSection(ExtensibilityGlobals) = postSolution
		SolutionGuid = {8498F58E-5999-4040-8405-1233FC705F12}
	EndGlobalSection
EndGlobal
