
Microsoft Visual Studio Solution File, Format Version 12.00
# Visual Studio Version 17
VisualStudioVersion = 17.14.36603.0 d17.14
MinimumVisualStudioVersion = 10.0.40219.1
Project("{FAE04EC0-301F-11D3-BF4B-00C04F79EFBC}") = "Lab_4(1)", "Lab_4(1)\Lab_4(1).csproj", "{650CB970-6B0B-4058-BF7B-8249D7C5D701}"
EndProject
Global
	GlobalSection(SolutionConfigurationPlatforms) = preSolution
		Debug|Any CPU = Debug|Any CPU
		Release|Any CPU = Release|Any CPU
	EndGlobalSection
	GlobalSection(ProjectConfigurationPlatforms) = postSolution
		{650CB970-6B0B-4058-BF7B-8249D7C5D701}.Debug|Any CPU.ActiveCfg = Debug|Any CPU
		{650CB970-6B0B-4058-BF7B-8249D7C5D701}.Debug|Any CPU.Build.0 = Debug|Any CPU
		{650CB970-6B0B-4058-BF7B-8249D7C5D701}.Release|Any CPU.ActiveCfg = Release|Any CPU
		{650CB970-6B0B-4058-BF7B-8249D7C5D701}.Release|Any CPU.Build.0 = Release|Any CPU
	EndGlobalSection
	GlobalSection(SolutionProperties) = preSolution
		HideSolutionNode = FALSE
	EndGlobalSection
	GlobalSection(ExtensibilityGlobals) = postSolution
		SolutionGuid = {0484B78B-0EF5-4440-821B-DB1F76311432}
	EndGlobalSection
EndGlobal
