
Microsoft Visual Studio Solution File, Format Version 12.00
# Visual Studio Version 17
VisualStudioVersion = 17.14.36429.23 d17.14
MinimumVisualStudioVersion = 10.0.40219.1
Project("{FAE04EC0-301F-11D3-BF4B-00C04F79EFBC}") = "Lab_2(2)", "Lab_2(2)\Lab_2(2).csproj", "{56D942B5-4EA4-4DA0-B4F3-497CFBF3461D}"
EndProject
Global
	GlobalSection(SolutionConfigurationPlatforms) = preSolution
		Debug|Any CPU = Debug|Any CPU
		Release|Any CPU = Release|Any CPU
	EndGlobalSection
	GlobalSection(ProjectConfigurationPlatforms) = postSolution
		{56D942B5-4EA4-4DA0-B4F3-497CFBF3461D}.Debug|Any CPU.ActiveCfg = Debug|Any CPU
		{56D942B5-4EA4-4DA0-B4F3-497CFBF3461D}.Debug|Any CPU.Build.0 = Debug|Any CPU
		{56D942B5-4EA4-4DA0-B4F3-497CFBF3461D}.Release|Any CPU.ActiveCfg = Release|Any CPU
		{56D942B5-4EA4-4DA0-B4F3-497CFBF3461D}.Release|Any CPU.Build.0 = Release|Any CPU
	EndGlobalSection
	GlobalSection(SolutionProperties) = preSolution
		HideSolutionNode = FALSE
	EndGlobalSection
	GlobalSection(ExtensibilityGlobals) = postSolution
		SolutionGuid = {C495DFBE-646C-4502-A2A0-28ECF477C182}
	EndGlobalSection
EndGlobal
