
Microsoft Visual Studio Solution File, Format Version 12.00
# Visual Studio Version 17
VisualStudioVersion = 17.13.35825.156 d17.13
MinimumVisualStudioVersion = 10.0.40219.1
Project("{FAE04EC0-301F-11D3-BF4B-00C04F79EFBC}") = "Lab_9(1)", "Lab_9(1)\Lab_9(1).csproj", "{D548A52F-1D64-4BBF-A803-F6331E1B3A9A}"
EndProject
Global
	GlobalSection(SolutionConfigurationPlatforms) = preSolution
		Debug|Any CPU = Debug|Any CPU
		Release|Any CPU = Release|Any CPU
	EndGlobalSection
	GlobalSection(ProjectConfigurationPlatforms) = postSolution
		{D548A52F-1D64-4BBF-A803-F6331E1B3A9A}.Debug|Any CPU.ActiveCfg = Debug|Any CPU
		{D548A52F-1D64-4BBF-A803-F6331E1B3A9A}.Debug|Any CPU.Build.0 = Debug|Any CPU
		{D548A52F-1D64-4BBF-A803-F6331E1B3A9A}.Release|Any CPU.ActiveCfg = Release|Any CPU
		{D548A52F-1D64-4BBF-A803-F6331E1B3A9A}.Release|Any CPU.Build.0 = Release|Any CPU
	EndGlobalSection
	GlobalSection(SolutionProperties) = preSolution
		HideSolutionNode = FALSE
	EndGlobalSection
	GlobalSection(ExtensibilityGlobals) = postSolution
		SolutionGuid = {D3908F18-8A95-4DA8-B273-22389F285CC8}
	EndGlobalSection
EndGlobal
