
Microsoft Visual Studio Solution File, Format Version 12.00
# Visual Studio Version 17
VisualStudioVersion = 17.13.35825.156 d17.13
MinimumVisualStudioVersion = 10.0.40219.1
Project("{FAE04EC0-301F-11D3-BF4B-00C04F79EFBC}") = "Lab4_1(2)", "Lab4_1(2)\Lab4_1(2).csproj", "{BCA3CAC9-2588-42AD-8F32-683D017029CE}"
EndProject
Global
	GlobalSection(SolutionConfigurationPlatforms) = preSolution
		Debug|Any CPU = Debug|Any CPU
		Release|Any CPU = Release|Any CPU
	EndGlobalSection
	GlobalSection(ProjectConfigurationPlatforms) = postSolution
		{BCA3CAC9-2588-42AD-8F32-683D017029CE}.Debug|Any CPU.ActiveCfg = Debug|Any CPU
		{BCA3CAC9-2588-42AD-8F32-683D017029CE}.Debug|Any CPU.Build.0 = Debug|Any CPU
		{BCA3CAC9-2588-42AD-8F32-683D017029CE}.Release|Any CPU.ActiveCfg = Release|Any CPU
		{BCA3CAC9-2588-42AD-8F32-683D017029CE}.Release|Any CPU.Build.0 = Release|Any CPU
	EndGlobalSection
	GlobalSection(SolutionProperties) = preSolution
		HideSolutionNode = FALSE
	EndGlobalSection
	GlobalSection(ExtensibilityGlobals) = postSolution
		SolutionGuid = {148EAD83-7DD7-4792-8C3B-612F9ED82D8C}
	EndGlobalSection
EndGlobal
