
Microsoft Visual Studio Solution File, Format Version 12.00
# Visual Studio Version 17
VisualStudioVersion = 17.13.35825.156 d17.13
MinimumVisualStudioVersion = 10.0.40219.1
Project("{FAE04EC0-301F-11D3-BF4B-00C04F79EFBC}") = "Lab_8(3)", "Lab_8(3)\Lab_8(3).csproj", "{55E6CC48-CF51-4836-ACEF-8E03F133340B}"
EndProject
Global
	GlobalSection(SolutionConfigurationPlatforms) = preSolution
		Debug|Any CPU = Debug|Any CPU
		Release|Any CPU = Release|Any CPU
	EndGlobalSection
	GlobalSection(ProjectConfigurationPlatforms) = postSolution
		{55E6CC48-CF51-4836-ACEF-8E03F133340B}.Debug|Any CPU.ActiveCfg = Debug|Any CPU
		{55E6CC48-CF51-4836-ACEF-8E03F133340B}.Debug|Any CPU.Build.0 = Debug|Any CPU
		{55E6CC48-CF51-4836-ACEF-8E03F133340B}.Release|Any CPU.ActiveCfg = Release|Any CPU
		{55E6CC48-CF51-4836-ACEF-8E03F133340B}.Release|Any CPU.Build.0 = Release|Any CPU
	EndGlobalSection
	GlobalSection(SolutionProperties) = preSolution
		HideSolutionNode = FALSE
	EndGlobalSection
	GlobalSection(ExtensibilityGlobals) = postSolution
		SolutionGuid = {0A5F14DC-6147-4422-9B41-05392F7F3C67}
	EndGlobalSection
EndGlobal
