
Microsoft Visual Studio Solution File, Format Version 12.00
# Visual Studio Version 17
VisualStudioVersion = 17.13.35825.156 d17.13
MinimumVisualStudioVersion = 10.0.40219.1
Project("{FAE04EC0-301F-11D3-BF4B-00C04F79EFBC}") = "Lab2_3", "Lab2_3\Lab2_3.csproj", "{4B1FBAC0-2906-48BE-8ECE-242223AB4CB0}"
EndProject
Global
	GlobalSection(SolutionConfigurationPlatforms) = preSolution
		Debug|Any CPU = Debug|Any CPU
		Release|Any CPU = Release|Any CPU
	EndGlobalSection
	GlobalSection(ProjectConfigurationPlatforms) = postSolution
		{4B1FBAC0-2906-48BE-8ECE-242223AB4CB0}.Debug|Any CPU.ActiveCfg = Debug|Any CPU
		{4B1FBAC0-2906-48BE-8ECE-242223AB4CB0}.Debug|Any CPU.Build.0 = Debug|Any CPU
		{4B1FBAC0-2906-48BE-8ECE-242223AB4CB0}.Release|Any CPU.ActiveCfg = Release|Any CPU
		{4B1FBAC0-2906-48BE-8ECE-242223AB4CB0}.Release|Any CPU.Build.0 = Release|Any CPU
	EndGlobalSection
	GlobalSection(SolutionProperties) = preSolution
		HideSolutionNode = FALSE
	EndGlobalSection
	GlobalSection(ExtensibilityGlobals) = postSolution
		SolutionGuid = {C38BDE76-2FE7-4051-A682-3E5A7DBDDFE2}
	EndGlobalSection
EndGlobal
