
Microsoft Visual Studio Solution File, Format Version 12.00
# Visual Studio Version 17
VisualStudioVersion = 17.14.36705.20 d17.14
MinimumVisualStudioVersion = 10.0.40219.1
Project("{FAE04EC0-301F-11D3-BF4B-00C04F79EFBC}") = "Lab_7", "Lab_7\Lab_7.csproj", "{E2CA3C70-8816-4406-AE72-6E7F5B3A3F01}"
EndProject
Global
	GlobalSection(SolutionConfigurationPlatforms) = preSolution
		Debug|Any CPU = Debug|Any CPU
		Release|Any CPU = Release|Any CPU
	EndGlobalSection
	GlobalSection(ProjectConfigurationPlatforms) = postSolution
		{E2CA3C70-8816-4406-AE72-6E7F5B3A3F01}.Debug|Any CPU.ActiveCfg = Debug|Any CPU
		{E2CA3C70-8816-4406-AE72-6E7F5B3A3F01}.Debug|Any CPU.Build.0 = Debug|Any CPU
		{E2CA3C70-8816-4406-AE72-6E7F5B3A3F01}.Release|Any CPU.ActiveCfg = Release|Any CPU
		{E2CA3C70-8816-4406-AE72-6E7F5B3A3F01}.Release|Any CPU.Build.0 = Release|Any CPU
	EndGlobalSection
	GlobalSection(SolutionProperties) = preSolution
		HideSolutionNode = FALSE
	EndGlobalSection
	GlobalSection(ExtensibilityGlobals) = postSolution
		SolutionGuid = {ED33AB04-33DB-4719-B605-B7F67309F9C6}
	EndGlobalSection
EndGlobal
